
Microsoft Visual Studio Solution File, Format Version 12.00
Project("{FAE04EC0-301F-11D3-BF4B-00C04F79EFBC}") = "ConsoleApp1", "ConsoleApp1\ConsoleApp1.csproj", "{81A3DE8C-6A3C-4B2B-99FE-1929B87F5A40}"
EndProject
Global
	GlobalSection(SolutionConfigurationPlatforms) = preSolution
		Debug|Any CPU = Debug|Any CPU
		Release|Any CPU = Release|Any CPU
	EndGlobalSection
	GlobalSection(ProjectConfigurationPlatforms) = postSolution
		{81A3DE8C-6A3C-4B2B-99FE-1929B87F5A40}.Debug|Any CPU.ActiveCfg = Debug|Any CPU
		{81A3DE8C-6A3C-4B2B-99FE-1929B87F5A40}.Debug|Any CPU.Build.0 = Debug|Any CPU
		{81A3DE8C-6A3C-4B2B-99FE-1929B87F5A40}.Release|Any CPU.ActiveCfg = Release|Any CPU
		{81A3DE8C-6A3C-4B2B-99FE-1929B87F5A40}.Release|Any CPU.Build.0 = Release|Any CPU
	EndGlobalSection
EndGlobal
